
Microsoft Visual Studio Solution File, Format Version 12.00
# Visual Studio 15
VisualStudioVersion = 15.0.28307.705
MinimumVisualStudioVersion = 10.0.40219.1
Project("{FAE04EC0-301F-11D3-BF4B-00C04F79EFBC}") = "pendaftaran", "pendaftaran\pendaftaran.csproj", "{A63D8D07-B4D0-4EE0-9D72-CB47A75B451F}"
EndProject
Project("{2150E333-8FDC-42A3-9474-1A3956D46DE8}") = "Solution Items", "Solution Items", "{A2C9DE5C-7616-4598-8521-BF2A49893A44}"
	ProjectSection(SolutionItems) = preProject
		Color Scheme.txt = Color Scheme.txt
		Script Store.txt = Script Store.txt
		style.txt = style.txt
	EndProjectSection
EndProject
Project("{FAE04EC0-301F-11D3-BF4B-00C04F79EFBC}") = "apotik", "Apotik\apotik.csproj", "{02436FFB-C940-4862-9957-C0D3BDED639E}"
EndProject
Project("{FAE04EC0-301F-11D3-BF4B-00C04F79EFBC}") = "admin", "admin\admin.csproj", "{6A18D0F1-190F-4795-9142-AAB91A2AC281}"
EndProject
Project("{FAE04EC0-301F-11D3-BF4B-00C04F79EFBC}") = "dokter", "dokter\dokter.csproj", "{CB9532CA-5CB3-40AD-9ED2-DD138129FE5C}"
EndProject
Project("{FAE04EC0-301F-11D3-BF4B-00C04F79EFBC}") = "antrian", "Antrian\antrian.csproj", "{14B87D15-D2AF-47ED-B2B9-9BCF195769AA}"
EndProject
Global
	GlobalSection(SolutionConfigurationPlatforms) = preSolution
		Debug|Any CPU = Debug|Any CPU
		Release|Any CPU = Release|Any CPU
	EndGlobalSection
	GlobalSection(ProjectConfigurationPlatforms) = postSolution
		{A63D8D07-B4D0-4EE0-9D72-CB47A75B451F}.Debug|Any CPU.ActiveCfg = Debug|Any CPU
		{A63D8D07-B4D0-4EE0-9D72-CB47A75B451F}.Debug|Any CPU.Build.0 = Debug|Any CPU
		{A63D8D07-B4D0-4EE0-9D72-CB47A75B451F}.Release|Any CPU.ActiveCfg = Release|Any CPU
		{A63D8D07-B4D0-4EE0-9D72-CB47A75B451F}.Release|Any CPU.Build.0 = Release|Any CPU
		{02436FFB-C940-4862-9957-C0D3BDED639E}.Debug|Any CPU.ActiveCfg = Debug|Any CPU
		{02436FFB-C940-4862-9957-C0D3BDED639E}.Debug|Any CPU.Build.0 = Debug|Any CPU
		{02436FFB-C940-4862-9957-C0D3BDED639E}.Release|Any CPU.ActiveCfg = Release|Any CPU
		{02436FFB-C940-4862-9957-C0D3BDED639E}.Release|Any CPU.Build.0 = Release|Any CPU
		{6A18D0F1-190F-4795-9142-AAB91A2AC281}.Debug|Any CPU.ActiveCfg = Debug|Any CPU
		{6A18D0F1-190F-4795-9142-AAB91A2AC281}.Debug|Any CPU.Build.0 = Debug|Any CPU
		{6A18D0F1-190F-4795-9142-AAB91A2AC281}.Release|Any CPU.ActiveCfg = Release|Any CPU
		{6A18D0F1-190F-4795-9142-AAB91A2AC281}.Release|Any CPU.Build.0 = Release|Any CPU
		{CB9532CA-5CB3-40AD-9ED2-DD138129FE5C}.Debug|Any CPU.ActiveCfg = Debug|Any CPU
		{CB9532CA-5CB3-40AD-9ED2-DD138129FE5C}.Debug|Any CPU.Build.0 = Debug|Any CPU
		{CB9532CA-5CB3-40AD-9ED2-DD138129FE5C}.Release|Any CPU.ActiveCfg = Release|Any CPU
		{CB9532CA-5CB3-40AD-9ED2-DD138129FE5C}.Release|Any CPU.Build.0 = Release|Any CPU
		{14B87D15-D2AF-47ED-B2B9-9BCF195769AA}.Debug|Any CPU.ActiveCfg = Debug|Any CPU
		{14B87D15-D2AF-47ED-B2B9-9BCF195769AA}.Debug|Any CPU.Build.0 = Debug|Any CPU
		{14B87D15-D2AF-47ED-B2B9-9BCF195769AA}.Release|Any CPU.ActiveCfg = Release|Any CPU
		{14B87D15-D2AF-47ED-B2B9-9BCF195769AA}.Release|Any CPU.Build.0 = Release|Any CPU
	EndGlobalSection
	GlobalSection(SolutionProperties) = preSolution
		HideSolutionNode = FALSE
	EndGlobalSection
	GlobalSection(ExtensibilityGlobals) = postSolution
		SolutionGuid = {455537CB-6B60-4705-A356-C84FA6FE9851}
	EndGlobalSection
EndGlobal
